// !$*UTF8*$!
{
	archiveVersion = 1;
	classes = {
	};
	objectVersion = 46;
	objects = {

/* Begin PBXBuildFile section */
		8C1B6AFE1EFAAB2A0031F57B /* main.m in Sources */ = {isa = PBXBuildFile; fileRef = 8C1B6AFD1EFAAB2A0031F57B /* main.m */; };
		8C1B6B011EFAAB2A0031F57B /* AppDelegate.m in Sources */ = {isa = PBXBuildFile; fileRef = 8C1B6B001EFAAB2A0031F57B /* AppDelegate.m */; };
		8C1B6B041EFAAB2A0031F57B /* ViewController.m in Sources */ = {isa = PBXBuildFile; fileRef = 8C1B6B031EFAAB2A0031F57B /* ViewController.m */; };
		8C1B6B071EFAAB2A0031F57B /* Main.storyboard in Resources */ = {isa = PBXBuildFile; fileRef = 8C1B6B051EFAAB2A0031F57B /* Main.storyboard */; };
		8C1B6B0A1EFAAB2A0031F57B /* PeerReview8.xcdatamodeld in Sources */ = {isa = PBXBuildFile; fileRef = 8C1B6B081EFAAB2A0031F57B /* PeerReview8.xcdatamodeld */; };
		8C1B6B0C1EFAAB2A0031F57B /* Assets.xcassets in Resources */ = {isa = PBXBuildFile; fileRef = 8C1B6B0B1EFAAB2A0031F57B /* Assets.xcassets */; };
		8C1B6B0F1EFAAB2A0031F57B /* LaunchScreen.storyboard in Resources */ = {isa = PBXBuildFile; fileRef = 8C1B6B0D1EFAAB2A0031F57B /* LaunchScreen.storyboard */; };
		8C1B6B1A1EFAAB2A0031F57B /* PeerReview8Tests.m in Sources */ = {isa = PBXBuildFile; fileRef = 8C1B6B191EFAAB2A0031F57B /* PeerReview8Tests.m */; };
		8C1B6B251EFAAB2A0031F57B /* PeerReview8UITests.m in Sources */ = {isa = PBXBuildFile; fileRef = 8C1B6B241EFAAB2A0031F57B /* PeerReview8UITests.m */; };
/* End PBXBuildFile section */

/* Begin PBXContainerItemProxy section */
		8C1B6B161EFAAB2A0031F57B /* PBXContainerItemProxy */ = {
			isa = PBXContainerItemProxy;
			containerPortal = 8C1B6AF11EFAAB2A0031F57B /* Project object */;
			proxyType = 1;
			remoteGlobalIDString = 8C1B6AF81EFAAB2A0031F57B;
			remoteInfo = PeerReview8;
		};
		8C1B6B211EFAAB2A0031F57B /* PBXContainerItemProxy */ = {
			isa = PBXContainerItemProxy;
			containerPortal = 8C1B6AF11EFAAB2A0031F57B /* Project object */;
			proxyType = 1;
			remoteGlobalIDString = 8C1B6AF81EFAAB2A0031F57B;
			remoteInfo = PeerReview8;
		};
/* End PBXContainerItemProxy section */

/* Begin PBXFileReference section */
		8C1B6AF91EFAAB2A0031F57B /* PeerReview8.app */ = {isa = PBXFileReference; explicitFileType = wrapper.application; includeInIndex = 0; path = PeerReview8.app; sourceTree = BUILT_PRODUCTS_DIR; };
		8C1B6AFD1EFAAB2A0031F57B /* main.m */ = {isa = PBXFileReference; lastKnownFileType = sourcecode.c.objc; path = main.m; sourceTree = "<group>"; };
		8C1B6AFF1EFAAB2A0031F57B /* AppDelegate.h */ = {isa = PBXFileReference; lastKnownFileType = sourcecode.c.h; path = AppDelegate.h; sourceTree = "<group>"; };
		8C1B6B001EFAAB2A0031F57B /* AppDelegate.m */ = {isa = PBXFileReference; lastKnownFileType = sourcecode.c.objc; path = AppDelegate.m; sourceTree = "<group>"; };
		8C1B6B021EFAAB2A0031F57B /* ViewController.h */ = {isa = PBXFileReference; lastKnownFileType = sourcecode.c.h; path = ViewController.h; sourceTree = "<group>"; };
		8C1B6B031EFAAB2A0031F57B /* ViewController.m */ = {isa = PBXFileReference; lastKnownFileType = sourcecode.c.objc; path = ViewController.m; sourceTree = "<group>"; };
		8C1B6B061EFAAB2A0031F57B /* Base */ = {isa = PBXFileReference; lastKnownFileType = file.storyboard; name = Base; path = Base.lproj/Main.storyboard; sourceTree = "<group>"; };
		8C1B6B091EFAAB2A0031F57B /* PeerReview8.xcdatamodel */ = {isa = PBXFileReference; lastKnownFileType = wrapper.xcdatamodel; path = PeerReview8.xcdatamodel; sourceTree = "<group>"; };
		8C1B6B0B1EFAAB2A0031F57B /* Assets.xcassets */ = {isa = PBXFileReference; lastKnownFileType = folder.assetcatalog; path = Assets.xcassets; sourceTree = "<group>"; };
		8C1B6B0E1EFAAB2A0031F57B /* Base */ = {isa = PBXFileReference; lastKnownFileType = file.storyboard; name = Base; path = Base.lproj/LaunchScreen.storyboard; sourceTree = "<group>"; };
		8C1B6B101EFAAB2A0031F57B /* Info.plist */ = {isa = PBXFileReference; lastKnownFileType = text.plist.xml; path = Info.plist; sourceTree = "<group>"; };
		8C1B6B151EFAAB2A0031F57B /* PeerReview8Tests.xctest */ = {isa = PBXFileReference; explicitFileType = wrapper.cfbundle; includeInIndex = 0; path = PeerReview8Tests.xctest; sourceTree = BUILT_PRODUCTS_DIR; };
		8C1B6B191EFAAB2A0031F57B /* PeerReview8Tests.m */ = {isa = PBXFileReference; lastKnownFileType = sourcecode.c.objc; path = PeerReview8Tests.m; sourceTree = "<group>"; };
		8C1B6B1B1EFAAB2A0031F57B /* Info.plist */ = {isa = PBXFileReference; lastKnownFileType = text.plist.xml; path = Info.plist; sourceTree = "<group>"; };
		8C1B6B201EFAAB2A0031F57B /* PeerReview8UITests.xctest */ = {isa = PBXFileReference; explicitFileType = wrapper.cfbundle; includeInIndex = 0; path = PeerReview8UITests.xctest; sourceTree = BUILT_PRODUCTS_DIR; };
		8C1B6B241EFAAB2A0031F57B /* PeerReview8UITests.m */ = {isa = PBXFileReference; lastKnownFileType = sourcecode.c.objc; path = PeerReview8UITests.m; sourceTree = "<group>"; };
		8C1B6B261EFAAB2A0031F57B /* Info.plist */ = {isa = PBXFileReference; lastKnownFileType = text.plist.xml; path = Info.plist; sourceTree = "<group>"; };
/* End PBXFileReference section */

/* Begin PBXFrameworksBuildPhase section */
		8C1B6AF61EFAAB2A0031F57B /* Frameworks */ = {
			isa = PBXFrameworksBuildPhase;
			buildActionMask = 2147483647;
			files = (
			);
			runOnlyForDeploymentPostprocessing = 0;
		};
		8C1B6B121EFAAB2A0031F57B /* Frameworks */ = {
			isa = PBXFrameworksBuildPhase;
			buildActionMask = 2147483647;
			files = (
			);
			runOnlyForDeploymentPostprocessing = 0;
		};
		8C1B6B1D1EFAAB2A0031F57B /* Frameworks */ = {
			isa = PBXFrameworksBuildPhase;
			buildActionMask = 2147483647;
			files = (
			);
			runOnlyForDeploymentPostprocessing = 0;
		};
/* End PBXFrameworksBuildPhase section */

/* Begin PBXGroup section */
		8C1B6AF01EFAAB2A0031F57B = {
			isa = PBXGroup;
			children = (
				8C1B6AFB1EFAAB2A0031F57B /* PeerReview8 */,
				8C1B6B181EFAAB2A0031F57B /* PeerReview8Tests */,
				8C1B6B231EFAAB2A0031F57B /* PeerReview8UITests */,
				8C1B6AFA1EFAAB2A0031F57B /* Products */,
			);
			sourceTree = "<group>";
		};
		8C1B6AFA1EFAAB2A0031F57B /* Products */ = {
			isa = PBXGroup;
			children = (
				8C1B6AF91EFAAB2A0031F57B /* PeerReview8.app */,
				8C1B6B151EFAAB2A0031F57B /* PeerReview8Tests.xctest */,
				8C1B6B201EFAAB2A0031F57B /* PeerReview8UITests.xctest */,
			);
			name = Products;
			sourceTree = "<group>";
		};
		8C1B6AFB1EFAAB2A0031F57B /* PeerReview8 */ = {
			isa = PBXGroup;
			children = (
				8C1B6AFF1EFAAB2A0031F57B /* AppDelegate.h */,
				8C1B6B001EFAAB2A0031F57B /* AppDelegate.m */,
				8C1B6B021EFAAB2A0031F57B /* ViewController.h */,
				8C1B6B031EFAAB2A0031F57B /* ViewController.m */,
				8C1B6B051EFAAB2A0031F57B /* Main.storyboard */,
				8C1B6B0B1EFAAB2A0031F57B /* Assets.xcassets */,
				8C1B6B0D1EFAAB2A0031F57B /* LaunchScreen.storyboard */,
				8C1B6B101EFAAB2A0031F57B /* Info.plist */,
				8C1B6B081EFAAB2A0031F57B /* PeerReview8.xcdatamodeld */,
				8C1B6AFC1EFAAB2A0031F57B /* Supporting Files */,
			);
			path = PeerReview8;
			sourceTree = "<group>";
		};
		8C1B6AFC1EFAAB2A0031F57B /* Supporting Files */ = {
			isa = PBXGroup;
			children = (
				8C1B6AFD1EFAAB2A0031F57B /* main.m */,
			);
			name = "Supporting Files";
			sourceTree = "<group>";
		};
		8C1B6B181EFAAB2A0031F57B /* PeerReview8Tests */ = {
			isa = PBXGroup;
			children = (
				8C1B6B191EFAAB2A0031F57B /* PeerReview8Tests.m */,
				8C1B6B1B1EFAAB2A0031F57B /* Info.plist */,
			);
			path = PeerReview8Tests;
			sourceTree = "<group>";
		};
		8C1B6B231EFAAB2A0031F57B /* PeerReview8UITests */ = {
			isa = PBXGroup;
			children = (
				8C1B6B241EFAAB2A0031F57B /* PeerReview8UITests.m */,
				8C1B6B261EFAAB2A0031F57B /* Info.plist */,
			);
			path = PeerReview8UITests;
			sourceTree = "<group>";
		};
/* End PBXGroup section */

/* Begin PBXNativeTarget section */
		8C1B6AF81EFAAB2A0031F57B /* PeerReview8 */ = {
			isa = PBXNativeTarget;
			buildConfigurationList = 8C1B6B291EFAAB2A0031F57B /* Build configuration list for PBXNativeTarget "PeerReview8" */;
			buildPhases = (
				8C1B6AF51EFAAB2A0031F57B /* Sources */,
				8C1B6AF61EFAAB2A0031F57B /* Frameworks */,
				8C1B6AF71EFAAB2A0031F57B /* Resources */,
			);
			buildRules = (
			);
			dependencies = (
			);
			name = PeerReview8;
			productName = PeerReview8;
			productReference = 8C1B6AF91EFAAB2A0031F57B /* PeerReview8.app */;
			productType = "com.apple.product-type.application";
		};
		8C1B6B141EFAAB2A0031F57B /* PeerReview8Tests */ = {
			isa = PBXNativeTarget;
			buildConfigurationList = 8C1B6B2C1EFAAB2A0031F57B /* Build configuration list for PBXNativeTarget "PeerReview8Tests" */;
			buildPhases = (
				8C1B6B111EFAAB2A0031F57B /* Sources */,
				8C1B6B121EFAAB2A0031F57B /* Frameworks */,
				8C1B6B131EFAAB2A0031F57B /* Resources */,
			);
			buildRules = (
			);
			dependencies = (
				8C1B6B171EFAAB2A0031F57B /* PBXTargetDependency */,
			);
			name = PeerReview8Tests;
			productName = PeerReview8Tests;
			productReference = 8C1B6B151EFAAB2A0031F57B /* PeerReview8Tests.xctest */;
			productType = "com.apple.product-type.bundle.unit-test";
		};
		8C1B6B1F1EFAAB2A0031F57B /* PeerReview8UITests */ = {
			isa = PBXNativeTarget;
			buildConfigurationList = 8C1B6B2F1EFAAB2A0031F57B /* Build configuration list for PBXNativeTarget "PeerReview8UITests" */;
			buildPhases = (
				8C1B6B1C1EFAAB2A0031F57B /* Sources */,
				8C1B6B1D1EFAAB2A0031F57B /* Frameworks */,
				8C1B6B1E1EFAAB2A0031F57B /* Resources */,
			);
			buildRules = (
			);
			dependencies = (
				8C1B6B221EFAAB2A0031F57B /* PBXTargetDependency */,
			);
			name = PeerReview8UITests;
			productName = PeerReview8UITests;
			productReference = 8C1B6B201EFAAB2A0031F57B /* PeerReview8UITests.xctest */;
			productType = "com.apple.product-type.bundle.ui-testing";
		};
/* End PBXNativeTarget section */

/* Begin PBXProject section */
		8C1B6AF11EFAAB2A0031F57B /* Project object */ = {
			isa = PBXProject;
			attributes = {
				LastUpgradeCheck = 0830;
				ORGANIZATIONNAME = "Ananta Shahane";
				TargetAttributes = {
					8C1B6AF81EFAAB2A0031F57B = {
						CreatedOnToolsVersion = 8.3.2;
						DevelopmentTeam = Q7KHHPX4EM;
						ProvisioningStyle = Automatic;
					};
					8C1B6B141EFAAB2A0031F57B = {
						CreatedOnToolsVersion = 8.3.2;
						DevelopmentTeam = Q7KHHPX4EM;
						ProvisioningStyle = Automatic;
						TestTargetID = 8C1B6AF81EFAAB2A0031F57B;
					};
					8C1B6B1F1EFAAB2A0031F57B = {
						CreatedOnToolsVersion = 8.3.2;
						DevelopmentTeam = Q7KHHPX4EM;
						ProvisioningStyle = Automatic;
						TestTargetID = 8C1B6AF81EFAAB2A0031F57B;
					};
				};
			};
			buildConfigurationList = 8C1B6AF41EFAAB2A0031F57B /* Build configuration list for PBXProject "PeerReview8" */;
			compatibilityVersion = "Xcode 3.2";
			developmentRegion = English;
			hasScannedForEncodings = 0;
			knownRegions = (
				en,
				Base,
			);
			mainGroup = 8C1B6AF01EFAAB2A0031F57B;
			productRefGroup = 8C1B6AFA1EFAAB2A0031F57B /* Products */;
			projectDirPath = "";
			projectRoot = "";
			targets = (
				8C1B6AF81EFAAB2A0031F57B /* PeerReview8 */,
				8C1B6B141EFAAB2A0031F57B /* PeerReview8Tests */,
				8C1B6B1F1EFAAB2A0031F57B /* PeerReview8UITests */,
			);
		};
/* End PBXProject section */

/* Begin PBXResourcesBuildPhase section */
		8C1B6AF71EFAAB2A0031F57B /* Resources */ = {
			isa = PBXResourcesBuildPhase;
			buildActionMask = 2147483647;
			files = (
				8C1B6B0F1EFAAB2A0031F57B /* LaunchScreen.storyboard in Resources */,
				8C1B6B0C1EFAAB2A0031F57B /* Assets.xcassets in Resources */,
				8C1B6B071EFAAB2A0031F57B /* Main.storyboard in Resources */,
			);
			runOnlyForDeploymentPostprocessing = 0;
		};
		8C1B6B131EFAAB2A0031F57B /* Resources */ = {
			isa = PBXResourcesBuildPhase;
			buildActionMask = 2147483647;
			files = (
			);
			runOnlyForDeploymentPostprocessing = 0;
		};
		8C1B6B1E1EFAAB2A0031F57B /* Resources */ = {
			isa = PBXResourcesBuildPhase;
			buildActionMask = 2147483647;
			files = (
			);
			runOnlyForDeploymentPostprocessing = 0;
		};
/* End PBXResourcesBuildPhase section */

/* Begin PBXSourcesBuildPhase section */
		8C1B6AF51EFAAB2A0031F57B /* Sources */ = {
			isa = PBXSourcesBuildPhase;
			buildActionMask = 2147483647;
			files = (
				8C1B6B041EFAAB2A0031F57B /* ViewController.m in Sources */,
				8C1B6B011EFAAB2A0031F57B /* AppDelegate.m in Sources */,
				8C1B6B0A1EFAAB2A0031F57B /* PeerReview8.xcdatamodeld in Sources */,
				8C1B6AFE1EFAAB2A0031F57B /* main.m in Sources */,
			);
			runOnlyForDeploymentPostprocessing = 0;
		};
		8C1B6B111EFAAB2A0031F57B /* Sources */ = {
			isa = PBXSourcesBuildPhase;
			buildActionMask = 2147483647;
			files = (
				8C1B6B1A1EFAAB2A0031F57B /* PeerReview8Tests.m in Sources */,
			);
			runOnlyForDeploymentPostprocessing = 0;
		};
		8C1B6B1C1EFAAB2A0031F57B /* Sources */ = {
			isa = PBXSourcesBuildPhase;
			buildActionMask = 2147483647;
			files = (
				8C1B6B251EFAAB2A0031F57B /* PeerReview8UITests.m in Sources */,
			);
			runOnlyForDeploymentPostprocessing = 0;
		};
/* End PBXSourcesBuildPhase section */

/* Begin PBXTargetDependency section */
		8C1B6B171EFAAB2A0031F57B /* PBXTargetDependency */ = {
			isa = PBXTargetDependency;
			target = 8C1B6AF81EFAAB2A0031F57B /* PeerReview8 */;
			targetProxy = 8C1B6B161EFAAB2A0031F57B /* PBXContainerItemProxy */;
		};
		8C1B6B221EFAAB2A0031F57B /* PBXTargetDependency */ = {
			isa = PBXTargetDependency;
			target = 8C1B6AF81EFAAB2A0031F57B /* PeerReview8 */;
			targetProxy = 8C1B6B211EFAAB2A0031F57B /* PBXContainerItemProxy */;
		};
/* End PBXTargetDependency section */

/* Begin PBXVariantGroup section */
		8C1B6B051EFAAB2A0031F57B /* Main.storyboard */ = {
			isa = PBXVariantGroup;
			children = (
				8C1B6B061EFAAB2A0031F57B /* Base */,
			);
			name = Main.storyboard;
			sourceTree = "<group>";
		};
		8C1B6B0D1EFAAB2A0031F57B /* LaunchScreen.storyboard */ = {
			isa = PBXVariantGroup;
			children = (
				8C1B6B0E1EFAAB2A0031F57B /* Base */,
			);
			name = LaunchScreen.storyboard;
			sourceTree = "<group>";
		};
/* End PBXVariantGroup section */

/* Begin XCBuildConfiguration section */
		8C1B6B271EFAAB2A0031F57B /* Debug */ = {
			isa = XCBuildConfiguration;
			buildSettings = {
				ALWAYS_SEARCH_USER_PATHS = NO;
				CLANG_ANALYZER_NONNULL = YES;
				CLANG_ANALYZER_NUMBER_OBJECT_CONVERSION = YES_AGGRESSIVE;
				CLANG_CXX_LANGUAGE_STANDARD = "gnu++0x";
				CLANG_CXX_LIBRARY = "libc++";
				CLANG_ENABLE_MODULES = YES;
				CLANG_ENABLE_OBJC_ARC = YES;
				CLANG_WARN_BOOL_CONVERSION = YES;
				CLANG_WARN_CONSTANT_CONVERSION = YES;
				CLANG_WARN_DIRECT_OBJC_ISA_USAGE = YES_ERROR;
				CLANG_WARN_DOCUMENTATION_COMMENTS = YES;
				CLANG_WARN_EMPTY_BODY = YES;
				CLANG_WARN_ENUM_CONVERSION = YES;
				CLANG_WARN_INFINITE_RECURSION = YES;
				CLANG_WARN_INT_CONVERSION = YES;
				CLANG_WARN_OBJC_ROOT_CLASS = YES_ERROR;
				CLANG_WARN_SUSPICIOUS_MOVE = YES;
				CLANG_WARN_UNREACHABLE_CODE = YES;
				CLANG_WARN__DUPLICATE_METHOD_MATCH = YES;
				"CODE_SIGN_IDENTITY[sdk=iphoneos*]" = "iPhone Developer";
				COPY_PHASE_STRIP = NO;
				DEBUG_INFORMATION_FORMAT = dwarf;
				ENABLE_STRICT_OBJC_MSGSEND = YES;
				ENABLE_TESTABILITY = YES;
				GCC_C_LANGUAGE_STANDARD = gnu99;
				GCC_DYNAMIC_NO_PIC = NO;
				GCC_NO_COMMON_BLOCKS = YES;
				GCC_OPTIMIZATION_LEVEL = 0;
				GCC_PREPROCESSOR_DEFINITIONS = (
					"DEBUG=1",
					"$(inherited)",
				);
				GCC_WARN_64_TO_32_BIT_CONVERSION = YES;
				GCC_WARN_ABOUT_RETURN_TYPE = YES_ERROR;
				GCC_WARN_UNDECLARED_SELECTOR = YES;
				GCC_WARN_UNINITIALIZED_AUTOS = YES_AGGRESSIVE;
				GCC_WARN_UNUSED_FUNCTION = YES;
				GCC_WARN_UNUSED_VARIABLE = YES;
				IPHONEOS_DEPLOYMENT_TARGET = 10.3;
				MTL_ENABLE_DEBUG_INFO = YES;
				ONLY_ACTIVE_ARCH = YES;
				SDKROOT = iphoneos;
				TARGETED_DEVICE_FAMILY = "1,2";
			};
			name = Debug;
		};
		8C1B6B281EFAAB2A0031F57B /* Release */ = {
			isa = XCBuildConfiguration;
			buildSettings = {
				ALWAYS_SEARCH_USER_PATHS = NO;
				CLANG_ANALYZER_NONNULL = YES;
				CLANG_ANALYZER_NUMBER_OBJECT_CONVERSION = YES_AGGRESSIVE;
				CLANG_CXX_LANGUAGE_STANDARD = "gnu++0x";
				CLANG_CXX_LIBRARY = "libc++";
				CLANG_ENABLE_MODULES = YES;
				CLANG_ENABLE_OBJC_ARC = YES;
				CLANG_WARN_BOOL_CONVERSION = YES;
				CLANG_WARN_CONSTANT_CONVERSION = YES;
				CLANG_WARN_DIRECT_OBJC_ISA_USAGE = YES_ERROR;
				CLANG_WARN_DOCUMENTATION_COMMENTS = YES;
				CLANG_WARN_EMPTY_BODY = YES;
				CLANG_WARN_ENUM_CONVERSION = YES;
				CLANG_WARN_INFINITE_RECURSION = YES;
				CLANG_WARN_INT_CONVERSION = YES;
				CLANG_WARN_OBJC_ROOT_CLASS = YES_ERROR;
				CLANG_WARN_SUSPICIOUS_MOVE = YES;
				CLANG_WARN_UNREACHABLE_CODE = YES;
				CLANG_WARN__DUPLICATE_METHOD_MATCH = YES;
				"CODE_SIGN_IDENTITY[sdk=iphoneos*]" = "iPhone Developer";
				COPY_PHASE_STRIP = NO;
				DEBUG_INFORMATION_FORMAT = "dwarf-with-dsym";
				ENABLE_NS_ASSERTIONS = NO;
				ENABLE_STRICT_OBJC_MSGSEND = YES;
				GCC_C_LANGUAGE_STANDARD = gnu99;
				GCC_NO_COMMON_BLOCKS = YES;
				GCC_WARN_64_TO_32_BIT_CONVERSION = YES;
				GCC_WARN_ABOUT_RETURN_TYPE = YES_ERROR;
				GCC_WARN_UNDECLARED_SELECTOR = YES;
				GCC_WARN_UNINITIALIZED_AUTOS = YES_AGGRESSIVE;
				GCC_WARN_UNUSED_FUNCTION = YES;
				GCC_WARN_UNUSED_VARIABLE = YES;
				IPHONEOS_DEPLOYMENT_TARGET = 10.3;
				MTL_ENABLE_DEBUG_INFO = NO;
				SDKROOT = iphoneos;
				TARGETED_DEVICE_FAMILY = "1,2";
				VALIDATE_PRODUCT = YES;
			};
			name = Release;
		};
		8C1B6B2A1EFAAB2A0031F57B /* Debug */ = {
			isa = XCBuildConfiguration;
			buildSettings = {
				ASSETCATALOG_COMPILER_APPICON_NAME = AppIcon;
				DEVELOPMENT_TEAM = Q7KHHPX4EM;
				INFOPLIST_FILE = PeerReview8/Info.plist;
				LD_RUNPATH_SEARCH_PATHS = "$(inherited) @executable_path/Frameworks";
				PRODUCT_BUNDLE_IDENTIFIER = com.Ananta.PeerReview8;
				PRODUCT_NAME = "$(TARGET_NAME)";
			};
			name = Debug;
		};
		8C1B6B2B1EFAAB2A0031F57B /* Release */ = {
			isa = XCBuildConfiguration;
			buildSettings = {
				ASSETCATALOG_COMPILER_APPICON_NAME = AppIcon;
				DEVELOPMENT_TEAM = Q7KHHPX4EM;
				INFOPLIST_FILE = PeerReview8/Info.plist;
				LD_RUNPATH_SEARCH_PATHS = "$(inherited) @executable_path/Frameworks";
				PRODUCT_BUNDLE_IDENTIFIER = com.Ananta.PeerReview8;
				PRODUCT_NAME = "$(TARGET_NAME)";
			};
			name = Release;
		};
		8C1B6B2D1EFAAB2A0031F57B /* Debug */ = {
			isa = XCBuildConfiguration;
			buildSettings = {
				BUNDLE_LOADER = "$(TEST_HOST)";
				DEVELOPMENT_TEAM = Q7KHHPX4EM;
				INFOPLIST_FILE = PeerReview8Tests/Info.plist;
				LD_RUNPATH_SEARCH_PATHS = "$(inherited) @executable_path/Frameworks @loader_path/Frameworks";
				PRODUCT_BUNDLE_IDENTIFIER = com.Ananta.PeerReview8Tests;
				PRODUCT_NAME = "$(TARGET_NAME)";
				TEST_HOST = "$(BUILT_PRODUCTS_DIR)/PeerReview8.app/PeerReview8";
			};
			name = Debug;
		};
		8C1B6B2E1EFAAB2A0031F57B /* Release */ = {
			isa = XCBuildConfiguration;
			buildSettings = {
				BUNDLE_LOADER = "$(TEST_HOST)";
				DEVELOPMENT_TEAM = Q7KHHPX4EM;
				INFOPLIST_FILE = PeerReview8Tests/Info.plist;
				LD_RUNPATH_SEARCH_PATHS = "$(inherited) @executable_path/Frameworks @loader_path/Frameworks";
				PRODUCT_BUNDLE_IDENTIFIER = com.Ananta.PeerReview8Tests;
				PRODUCT_NAME = "$(TARGET_NAME)";
				TEST_HOST = "$(BUILT_PRODUCTS_DIR)/PeerReview8.app/PeerReview8";
			};
			name = Release;
		};
		8C1B6B301EFAAB2A0031F57B /* Debug */ = {
			isa = XCBuildConfiguration;
			buildSettings = {
				DEVELOPMENT_TEAM = Q7KHHPX4EM;
				INFOPLIST_FILE = PeerReview8UITests/Info.plist;
				LD_RUNPATH_SEARCH_PATHS = "$(inherited) @executable_path/Frameworks @loader_path/Frameworks";
				PRODUCT_BUNDLE_IDENTIFIER = com.Ananta.PeerReview8UITests;
				PRODUCT_NAME = "$(TARGET_NAME)";
				TEST_TARGET_NAME = PeerReview8;
			};
			name = Debug;
		};
		8C1B6B311EFAAB2A0031F57B /* Release */ = {
			isa = XCBuildConfiguration;
			buildSettings = {
				DEVELOPMENT_TEAM = Q7KHHPX4EM;
				INFOPLIST_FILE = PeerReview8UITests/Info.plist;
				LD_RUNPATH_SEARCH_PATHS = "$(inherited) @executable_path/Frameworks @loader_path/Frameworks";
				PRODUCT_BUNDLE_IDENTIFIER = com.Ananta.PeerReview8UITests;
				PRODUCT_NAME = "$(TARGET_NAME)";
				TEST_TARGET_NAME = PeerReview8;
			};
			name = Release;
		};
/* End XCBuildConfiguration section */

/* Begin XCConfigurationList section */
		8C1B6AF41EFAAB2A0031F57B /* Build configuration list for PBXProject "PeerReview8" */ = {
			isa = XCConfigurationList;
			buildConfigurations = (
				8C1B6B271EFAAB2A0031F57B /* Debug */,
				8C1B6B281EFAAB2A0031F57B /* Release */,
			);
			defaultConfigurationIsVisible = 0;
			defaultConfigurationName = Release;
		};
		8C1B6B291EFAAB2A0031F57B /* Build configuration list for PBXNativeTarget "PeerReview8" */ = {
			isa = XCConfigurationList;
			buildConfigurations = (
				8C1B6B2A1EFAAB2A0031F57B /* Debug */,
				8C1B6B2B1EFAAB2A0031F57B /* Release */,
			);
			defaultConfigurationIsVisible = 0;
		};
		8C1B6B2C1EFAAB2A0031F57B /* Build configuration list for PBXNativeTarget "PeerReview8Tests" */ = {
			isa = XCConfigurationList;
			buildConfigurations = (
				8C1B6B2D1EFAAB2A0031F57B /* Debug */,
				8C1B6B2E1EFAAB2A0031F57B /* Release */,
			);
			defaultConfigurationIsVisible = 0;
		};
		8C1B6B2F1EFAAB2A0031F57B /* Build configuration list for PBXNativeTarget "PeerReview8UITests" */ = {
			isa = XCConfigurationList;
			buildConfigurations = (
				8C1B6B301EFAAB2A0031F57B /* Debug */,
				8C1B6B311EFAAB2A0031F57B /* Release */,
			);
			defaultConfigurationIsVisible = 0;
		};
/* End XCConfigurationList section */

/* Begin XCVersionGroup section */
		8C1B6B081EFAAB2A0031F57B /* PeerReview8.xcdatamodeld */ = {
			isa = XCVersionGroup;
			children = (
				8C1B6B091EFAAB2A0031F57B /* PeerReview8.xcdatamodel */,
			);
			currentVersion = 8C1B6B091EFAAB2A0031F57B /* PeerReview8.xcdatamodel */;
			path = PeerReview8.xcdatamodeld;
			sourceTree = "<group>";
			versionGroupType = wrapper.xcdatamodel;
		};
/* End XCVersionGroup section */
	};
	rootObject = 8C1B6AF11EFAAB2A0031F57B /* Project object */;
}
